// !$*UTF8*$!
{
	archiveVersion = 1;
	classes = {
	};
	objectVersion = 56;
	objects = {

/* Begin PBXBuildFile section */
		ECD1746F2C2A91730051A5D9 /* PassKeyApp.swift in Sources */ = {isa = PBXBuildFile; fileRef = ECD1746E2C2A91730051A5D9 /* PassKeyApp.swift */; };
		ECD174712C2A91740051A5D9 /* ContentView.swift in Sources */ = {isa = PBXBuildFile; fileRef = ECD174702C2A91740051A5D9 /* ContentView.swift */; };
		ECD174732C2A91760051A5D9 /* Assets.xcassets in Resources */ = {isa = PBXBuildFile; fileRef = ECD174722C2A91760051A5D9 /* Assets.xcassets */; };
		ECD174762C2A91760051A5D9 /* Preview Assets.xcassets in Resources */ = {isa = PBXBuildFile; fileRef = ECD174752C2A91760051A5D9 /* Preview Assets.xcassets */; };
		ECD1747E2C2A97AE0051A5D9 /* AuthenticationServices.framework in Frameworks */ = {isa = PBXBuildFile; fileRef = ECD1747D2C2A97AE0051A5D9 /* AuthenticationServices.framework */; };
		ECD174832C2A9CF20051A5D9 /* Log.swift in Sources */ = {isa = PBXBuildFile; fileRef = ECD174822C2A9CF20051A5D9 /* Log.swift */; };
		ECD174862C2AB4F20051A5D9 /* PublicKeyCredentialCreationOptions.swift in Sources */ = {isa = PBXBuildFile; fileRef = ECD174852C2AB4F20051A5D9 /* PublicKeyCredentialCreationOptions.swift */; };
		ECD174882C2ABE960051A5D9 /* Base64.swift in Sources */ = {isa = PBXBuildFile; fileRef = ECD174872C2ABE960051A5D9 /* Base64.swift */; };
		ECDF54B82C2B8DAB0072F5F7 /* KeyChainHelper.swift in Sources */ = {isa = PBXBuildFile; fileRef = ECDF54B72C2B8DAB0072F5F7 /* KeyChainHelper.swift */; };
		ECDF54BA2C2B8DC30072F5F7 /* AuthViewModel.swift in Sources */ = {isa = PBXBuildFile; fileRef = ECDF54B92C2B8DC30072F5F7 /* AuthViewModel.swift */; };
/* End PBXBuildFile section */

/* Begin PBXFileReference section */
		ECD1746B2C2A91730051A5D9 /* PassKey.app */ = {isa = PBXFileReference; explicitFileType = wrapper.application; includeInIndex = 0; path = PassKey.app; sourceTree = BUILT_PRODUCTS_DIR; };
		ECD1746E2C2A91730051A5D9 /* PassKeyApp.swift */ = {isa = PBXFileReference; lastKnownFileType = sourcecode.swift; path = PassKeyApp.swift; sourceTree = "<group>"; };
		ECD174702C2A91740051A5D9 /* ContentView.swift */ = {isa = PBXFileReference; lastKnownFileType = sourcecode.swift; path = ContentView.swift; sourceTree = "<group>"; };
		ECD174722C2A91760051A5D9 /* Assets.xcassets */ = {isa = PBXFileReference; lastKnownFileType = folder.assetcatalog; path = Assets.xcassets; sourceTree = "<group>"; };
		ECD174752C2A91760051A5D9 /* Preview Assets.xcassets */ = {isa = PBXFileReference; lastKnownFileType = folder.assetcatalog; path = "Preview Assets.xcassets"; sourceTree = "<group>"; };
		ECD1747D2C2A97AE0051A5D9 /* AuthenticationServices.framework */ = {isa = PBXFileReference; lastKnownFileType = wrapper.framework; name = AuthenticationServices.framework; path = System/Library/Frameworks/AuthenticationServices.framework; sourceTree = SDKROOT; };
		ECD1747F2C2A982D0051A5D9 /* Info.plist */ = {isa = PBXFileReference; lastKnownFileType = text.plist; path = Info.plist; sourceTree = "<group>"; };
		ECD174822C2A9CF20051A5D9 /* Log.swift */ = {isa = PBXFileReference; fileEncoding = 4; lastKnownFileType = sourcecode.swift; name = Log.swift; path = ../../AthenaGo/AthenaGo/Log/Log.swift; sourceTree = "<group>"; };
		ECD174842C2AA8880051A5D9 /* PassKey.entitlements */ = {isa = PBXFileReference; lastKnownFileType = text.plist.entitlements; path = PassKey.entitlements; sourceTree = "<group>"; };
		ECD174852C2AB4F20051A5D9 /* PublicKeyCredentialCreationOptions.swift */ = {isa = PBXFileReference; lastKnownFileType = sourcecode.swift; path = PublicKeyCredentialCreationOptions.swift; sourceTree = "<group>"; };
		ECD174872C2ABE960051A5D9 /* Base64.swift */ = {isa = PBXFileReference; lastKnownFileType = sourcecode.swift; path = Base64.swift; sourceTree = "<group>"; };
		ECDF54B72C2B8DAB0072F5F7 /* KeyChainHelper.swift */ = {isa = PBXFileReference; lastKnownFileType = sourcecode.swift; path = KeyChainHelper.swift; sourceTree = "<group>"; };
		ECDF54B92C2B8DC30072F5F7 /* AuthViewModel.swift */ = {isa = PBXFileReference; lastKnownFileType = sourcecode.swift; path = AuthViewModel.swift; sourceTree = "<group>"; };
/* End PBXFileReference section */

/* Begin PBXFrameworksBuildPhase section */
		ECD174682C2A91730051A5D9 /* Frameworks */ = {
			isa = PBXFrameworksBuildPhase;
			buildActionMask = 2147483647;
			files = (
				ECD1747E2C2A97AE0051A5D9 /* AuthenticationServices.framework in Frameworks */,
			);
			runOnlyForDeploymentPostprocessing = 0;
		};
/* End PBXFrameworksBuildPhase section */

/* Begin PBXGroup section */
		ECD174622C2A91730051A5D9 = {
			isa = PBXGroup;
			children = (
				ECD1746D2C2A91730051A5D9 /* PassKey */,
				ECD1746C2C2A91730051A5D9 /* Products */,
				ECD1747C2C2A97AE0051A5D9 /* Frameworks */,
			);
			sourceTree = "<group>";
		};
		ECD1746C2C2A91730051A5D9 /* Products */ = {
			isa = PBXGroup;
			children = (
				ECD1746B2C2A91730051A5D9 /* PassKey.app */,
			);
			name = Products;
			sourceTree = "<group>";
		};
		ECD1746D2C2A91730051A5D9 /* PassKey */ = {
			isa = PBXGroup;
			children = (
				ECD174842C2AA8880051A5D9 /* PassKey.entitlements */,
				ECD174822C2A9CF20051A5D9 /* Log.swift */,
				ECD1747F2C2A982D0051A5D9 /* Info.plist */,
				ECD1746E2C2A91730051A5D9 /* PassKeyApp.swift */,
				ECD174702C2A91740051A5D9 /* ContentView.swift */,
				ECD174872C2ABE960051A5D9 /* Base64.swift */,
				ECD174852C2AB4F20051A5D9 /* PublicKeyCredentialCreationOptions.swift */,
				ECD174722C2A91760051A5D9 /* Assets.xcassets */,
				ECD174742C2A91760051A5D9 /* Preview Content */,
				ECDF54B72C2B8DAB0072F5F7 /* KeyChainHelper.swift */,
				ECDF54B92C2B8DC30072F5F7 /* AuthViewModel.swift */,
			);
			path = PassKey;
			sourceTree = "<group>";
		};
		ECD174742C2A91760051A5D9 /* Preview Content */ = {
			isa = PBXGroup;
			children = (
				ECD174752C2A91760051A5D9 /* Preview Assets.xcassets */,
			);
			path = "Preview Content";
			sourceTree = "<group>";
		};
		ECD1747C2C2A97AE0051A5D9 /* Frameworks */ = {
			isa = PBXGroup;
			children = (
				ECD1747D2C2A97AE0051A5D9 /* AuthenticationServices.framework */,
			);
			name = Frameworks;
			sourceTree = "<group>";
		};
/* End PBXGroup section */

/* Begin PBXNativeTarget section */
		ECD1746A2C2A91730051A5D9 /* PassKey */ = {
			isa = PBXNativeTarget;
			buildConfigurationList = ECD174792C2A91760051A5D9 /* Build configuration list for PBXNativeTarget "PassKey" */;
			buildPhases = (
				ECD174672C2A91730051A5D9 /* Sources */,
				ECD174682C2A91730051A5D9 /* Frameworks */,
				ECD174692C2A91730051A5D9 /* Resources */,
			);
			buildRules = (
			);
			dependencies = (
			);
			name = PassKey;
			productName = PassKey;
			productReference = ECD1746B2C2A91730051A5D9 /* PassKey.app */;
			productType = "com.apple.product-type.application";
		};
/* End PBXNativeTarget section */

/* Begin PBXProject section */
		ECD174632C2A91730051A5D9 /* Project object */ = {
			isa = PBXProject;
			attributes = {
				BuildIndependentTargetsInParallel = 1;
				LastSwiftUpdateCheck = 1540;
				LastUpgradeCheck = 1540;
				TargetAttributes = {
					ECD1746A2C2A91730051A5D9 = {
						CreatedOnToolsVersion = 15.4;
					};
				};
			};
			buildConfigurationList = ECD174662C2A91730051A5D9 /* Build configuration list for PBXProject "PassKey" */;
			compatibilityVersion = "Xcode 14.0";
			developmentRegion = en;
			hasScannedForEncodings = 0;
			knownRegions = (
				en,
				Base,
			);
			mainGroup = ECD174622C2A91730051A5D9;
			productRefGroup = ECD1746C2C2A91730051A5D9 /* Products */;
			projectDirPath = "";
			projectRoot = "";
			targets = (
				ECD1746A2C2A91730051A5D9 /* PassKey */,
			);
		};
/* End PBXProject section */

/* Begin PBXResourcesBuildPhase section */
		ECD174692C2A91730051A5D9 /* Resources */ = {
			isa = PBXResourcesBuildPhase;
			buildActionMask = 2147483647;
			files = (
				ECD174762C2A91760051A5D9 /* Preview Assets.xcassets in Resources */,
				ECD174732C2A91760051A5D9 /* Assets.xcassets in Resources */,
			);
			runOnlyForDeploymentPostprocessing = 0;
		};
/* End PBXResourcesBuildPhase section */

/* Begin PBXSourcesBuildPhase section */
		ECD174672C2A91730051A5D9 /* Sources */ = {
			isa = PBXSourcesBuildPhase;
			buildActionMask = 2147483647;
			files = (
				ECD174712C2A91740051A5D9 /* ContentView.swift in Sources */,
				ECD1746F2C2A91730051A5D9 /* PassKeyApp.swift in Sources */,
				ECD174862C2AB4F20051A5D9 /* PublicKeyCredentialCreationOptions.swift in Sources */,
				ECD174832C2A9CF20051A5D9 /* Log.swift in Sources */,
				ECDF54BA2C2B8DC30072F5F7 /* AuthViewModel.swift in Sources */,
				ECD174882C2ABE960051A5D9 /* Base64.swift in Sources */,
				ECDF54B82C2B8DAB0072F5F7 /* KeyChainHelper.swift in Sources */,
			);
			runOnlyForDeploymentPostprocessing = 0;
		};
/* End PBXSourcesBuildPhase section */

/* Begin XCBuildConfiguration section */
		ECD174772C2A91760051A5D9 /* Debug */ = {
			isa = XCBuildConfiguration;
			buildSettings = {
				ALWAYS_SEARCH_USER_PATHS = NO;
				ASSETCATALOG_COMPILER_GENERATE_SWIFT_ASSET_SYMBOL_EXTENSIONS = YES;
				CLANG_ANALYZER_NONNULL = YES;
				CLANG_ANALYZER_NUMBER_OBJECT_CONVERSION = YES_AGGRESSIVE;
				CLANG_CXX_LANGUAGE_STANDARD = "gnu++20";
				CLANG_ENABLE_MODULES = YES;
				CLANG_ENABLE_OBJC_ARC = YES;
				CLANG_ENABLE_OBJC_WEAK = YES;
				CLANG_WARN_BLOCK_CAPTURE_AUTORELEASING = YES;
				CLANG_WARN_BOOL_CONVERSION = YES;
				CLANG_WARN_COMMA = YES;
				CLANG_WARN_CONSTANT_CONVERSION = YES;
				CLANG_WARN_DEPRECATED_OBJC_IMPLEMENTATIONS = YES;
				CLANG_WARN_DIRECT_OBJC_ISA_USAGE = YES_ERROR;
				CLANG_WARN_DOCUMENTATION_COMMENTS = YES;
				CLANG_WARN_EMPTY_BODY = YES;
				CLANG_WARN_ENUM_CONVERSION = YES;
				CLANG_WARN_INFINITE_RECURSION = YES;
				CLANG_WARN_INT_CONVERSION = YES;
				CLANG_WARN_NON_LITERAL_NULL_CONVERSION = YES;
				CLANG_WARN_OBJC_IMPLICIT_RETAIN_SELF = YES;
				CLANG_WARN_OBJC_LITERAL_CONVERSION = YES;
				CLANG_WARN_OBJC_ROOT_CLASS = YES_ERROR;
				CLANG_WARN_QUOTED_INCLUDE_IN_FRAMEWORK_HEADER = YES;
				CLANG_WARN_RANGE_LOOP_ANALYSIS = YES;
				CLANG_WARN_STRICT_PROTOTYPES = YES;
				CLANG_WARN_SUSPICIOUS_MOVE = YES;
				CLANG_WARN_UNGUARDED_AVAILABILITY = YES_AGGRESSIVE;
				CLANG_WARN_UNREACHABLE_CODE = YES;
				CLANG_WARN__DUPLICATE_METHOD_MATCH = YES;
				COPY_PHASE_STRIP = NO;
				DEBUG_INFORMATION_FORMAT = dwarf;
				ENABLE_STRICT_OBJC_MSGSEND = YES;
				ENABLE_TESTABILITY = YES;
				ENABLE_USER_SCRIPT_SANDBOXING = YES;
				GCC_C_LANGUAGE_STANDARD = gnu17;
				GCC_DYNAMIC_NO_PIC = NO;
				GCC_NO_COMMON_BLOCKS = YES;
				GCC_OPTIMIZATION_LEVEL = 0;
				GCC_PREPROCESSOR_DEFINITIONS = (
					"DEBUG=1",
					"$(inherited)",
				);
				GCC_WARN_64_TO_32_BIT_CONVERSION = YES;
				GCC_WARN_ABOUT_RETURN_TYPE = YES_ERROR;
				GCC_WARN_UNDECLARED_SELECTOR = YES;
				GCC_WARN_UNINITIALIZED_AUTOS = YES_AGGRESSIVE;
				GCC_WARN_UNUSED_FUNCTION = YES;
				GCC_WARN_UNUSED_VARIABLE = YES;
				IPHONEOS_DEPLOYMENT_TARGET = 17.5;
				LOCALIZATION_PREFERS_STRING_CATALOGS = YES;
				MTL_ENABLE_DEBUG_INFO = INCLUDE_SOURCE;
				MTL_FAST_MATH = YES;
				ONLY_ACTIVE_ARCH = YES;
				SDKROOT = iphoneos;
				SWIFT_ACTIVE_COMPILATION_CONDITIONS = "DEBUG $(inherited)";
				SWIFT_OPTIMIZATION_LEVEL = "-Onone";
			};
			name = Debug;
		};
		ECD174782C2A91760051A5D9 /* Release */ = {
			isa = XCBuildConfiguration;
			buildSettings = {
				ALWAYS_SEARCH_USER_PATHS = NO;
				ASSETCATALOG_COMPILER_GENERATE_SWIFT_ASSET_SYMBOL_EXTENSIONS = YES;
				CLANG_ANALYZER_NONNULL = YES;
				CLANG_ANALYZER_NUMBER_OBJECT_CONVERSION = YES_AGGRESSIVE;
				CLANG_CXX_LANGUAGE_STANDARD = "gnu++20";
				CLANG_ENABLE_MODULES = YES;
				CLANG_ENABLE_OBJC_ARC = YES;
				CLANG_ENABLE_OBJC_WEAK = YES;
				CLANG_WARN_BLOCK_CAPTURE_AUTORELEASING = YES;
				CLANG_WARN_BOOL_CONVERSION = YES;
				CLANG_WARN_COMMA = YES;
				CLANG_WARN_CONSTANT_CONVERSION = YES;
				CLANG_WARN_DEPRECATED_OBJC_IMPLEMENTATIONS = YES;
				CLANG_WARN_DIRECT_OBJC_ISA_USAGE = YES_ERROR;
				CLANG_WARN_DOCUMENTATION_COMMENTS = YES;
				CLANG_WARN_EMPTY_BODY = YES;
				CLANG_WARN_ENUM_CONVERSION = YES;
				CLANG_WARN_INFINITE_RECURSION = YES;
				CLANG_WARN_INT_CONVERSION = YES;
				CLANG_WARN_NON_LITERAL_NULL_CONVERSION = YES;
				CLANG_WARN_OBJC_IMPLICIT_RETAIN_SELF = YES;
				CLANG_WARN_OBJC_LITERAL_CONVERSION = YES;
				CLANG_WARN_OBJC_ROOT_CLASS = YES_ERROR;
				CLANG_WARN_QUOTED_INCLUDE_IN_FRAMEWORK_HEADER = YES;
				CLANG_WARN_RANGE_LOOP_ANALYSIS = YES;
				CLANG_WARN_STRICT_PROTOTYPES = YES;
				CLANG_WARN_SUSPICIOUS_MOVE = YES;
				CLANG_WARN_UNGUARDED_AVAILABILITY = YES_AGGRESSIVE;
				CLANG_WARN_UNREACHABLE_CODE = YES;
				CLANG_WARN__DUPLICATE_METHOD_MATCH = YES;
				COPY_PHASE_STRIP = NO;
				DEBUG_INFORMATION_FORMAT = "dwarf-with-dsym";
				ENABLE_NS_ASSERTIONS = NO;
				ENABLE_STRICT_OBJC_MSGSEND = YES;
				ENABLE_USER_SCRIPT_SANDBOXING = YES;
				GCC_C_LANGUAGE_STANDARD = gnu17;
				GCC_NO_COMMON_BLOCKS = YES;
				GCC_WARN_64_TO_32_BIT_CONVERSION = YES;
				GCC_WARN_ABOUT_RETURN_TYPE = YES_ERROR;
				GCC_WARN_UNDECLARED_SELECTOR = YES;
				GCC_WARN_UNINITIALIZED_AUTOS = YES_AGGRESSIVE;
				GCC_WARN_UNUSED_FUNCTION = YES;
				GCC_WARN_UNUSED_VARIABLE = YES;
				IPHONEOS_DEPLOYMENT_TARGET = 17.5;
				LOCALIZATION_PREFERS_STRING_CATALOGS = YES;
				MTL_ENABLE_DEBUG_INFO = NO;
				MTL_FAST_MATH = YES;
				SDKROOT = iphoneos;
				SWIFT_COMPILATION_MODE = wholemodule;
				VALIDATE_PRODUCT = YES;
			};
			name = Release;
		};
		ECD1747A2C2A91760051A5D9 /* Debug */ = {
			isa = XCBuildConfiguration;
			buildSettings = {
				ASSETCATALOG_COMPILER_APPICON_NAME = AppIcon;
				ASSETCATALOG_COMPILER_GLOBAL_ACCENT_COLOR_NAME = AccentColor;
				CODE_SIGN_ENTITLEMENTS = PassKey/PassKey.entitlements;
				CODE_SIGN_STYLE = Automatic;
				CURRENT_PROJECT_VERSION = 1;
				DEVELOPMENT_ASSET_PATHS = "\"PassKey/Preview Content\"";
				DEVELOPMENT_TEAM = WD3LPJ2STX;
				ENABLE_PREVIEWS = YES;
				GENERATE_INFOPLIST_FILE = YES;
				INFOPLIST_FILE = PassKey/Info.plist;
				INFOPLIST_KEY_UIApplicationSceneManifest_Generation = YES;
				INFOPLIST_KEY_UIApplicationSupportsIndirectInputEvents = YES;
				INFOPLIST_KEY_UILaunchScreen_Generation = YES;
				INFOPLIST_KEY_UISupportedInterfaceOrientations_iPad = "UIInterfaceOrientationPortrait UIInterfaceOrientationPortraitUpsideDown UIInterfaceOrientationLandscapeLeft UIInterfaceOrientationLandscapeRight";
				INFOPLIST_KEY_UISupportedInterfaceOrientations_iPhone = "UIInterfaceOrientationPortrait UIInterfaceOrientationLandscapeLeft UIInterfaceOrientationLandscapeRight";
				LD_RUNPATH_SEARCH_PATHS = (
					"$(inherited)",
					"@executable_path/Frameworks",
				);
				MARKETING_VERSION = 1.0;
				PRODUCT_BUNDLE_IDENTIFIER = g.PassKey;
				PRODUCT_NAME = "$(TARGET_NAME)";
				SWIFT_EMIT_LOC_STRINGS = YES;
				SWIFT_VERSION = 5.0;
				TARGETED_DEVICE_FAMILY = "1,2";
			};
			name = Debug;
		};
		ECD1747B2C2A91760051A5D9 /* Release */ = {
			isa = XCBuildConfiguration;
			buildSettings = {
				ASSETCATALOG_COMPILER_APPICON_NAME = AppIcon;
				ASSETCATALOG_COMPILER_GLOBAL_ACCENT_COLOR_NAME = AccentColor;
				CODE_SIGN_ENTITLEMENTS = PassKey/PassKey.entitlements;
				CODE_SIGN_STYLE = Automatic;
				CURRENT_PROJECT_VERSION = 1;
				DEVELOPMENT_ASSET_PATHS = "\"PassKey/Preview Content\"";
				DEVELOPMENT_TEAM = WD3LPJ2STX;
				ENABLE_PREVIEWS = YES;
				GENERATE_INFOPLIST_FILE = YES;
				INFOPLIST_FILE = PassKey/Info.plist;
				INFOPLIST_KEY_UIApplicationSceneManifest_Generation = YES;
				INFOPLIST_KEY_UIApplicationSupportsIndirectInputEvents = YES;
				INFOPLIST_KEY_UILaunchScreen_Generation = YES;
				INFOPLIST_KEY_UISupportedInterfaceOrientations_iPad = "UIInterfaceOrientationPortrait UIInterfaceOrientationPortraitUpsideDown UIInterfaceOrientationLandscapeLeft UIInterfaceOrientationLandscapeRight";
				INFOPLIST_KEY_UISupportedInterfaceOrientations_iPhone = "UIInterfaceOrientationPortrait UIInterfaceOrientationLandscapeLeft UIInterfaceOrientationLandscapeRight";
				LD_RUNPATH_SEARCH_PATHS = (
					"$(inherited)",
					"@executable_path/Frameworks",
				);
				MARKETING_VERSION = 1.0;
				PRODUCT_BUNDLE_IDENTIFIER = g.PassKey;
				PRODUCT_NAME = "$(TARGET_NAME)";
				SWIFT_EMIT_LOC_STRINGS = YES;
				SWIFT_VERSION = 5.0;
				TARGETED_DEVICE_FAMILY = "1,2";
			};
			name = Release;
		};
/* End XCBuildConfiguration section */

/* Begin XCConfigurationList section */
		ECD174662C2A91730051A5D9 /* Build configuration list for PBXProject "PassKey" */ = {
			isa = XCConfigurationList;
			buildConfigurations = (
				ECD174772C2A91760051A5D9 /* Debug */,
				ECD174782C2A91760051A5D9 /* Release */,
			);
			defaultConfigurationIsVisible = 0;
			defaultConfigurationName = Release;
		};
		ECD174792C2A91760051A5D9 /* Build configuration list for PBXNativeTarget "PassKey" */ = {
			isa = XCConfigurationList;
			buildConfigurations = (
				ECD1747A2C2A91760051A5D9 /* Debug */,
				ECD1747B2C2A91760051A5D9 /* Release */,
			);
			defaultConfigurationIsVisible = 0;
			defaultConfigurationName = Release;
		};
/* End XCConfigurationList section */
	};
	rootObject = ECD174632C2A91730051A5D9 /* Project object */;
}
